
Microsoft Visual Studio Solution File, Format Version 12.00
# Visual Studio Version 17
VisualStudioVersion = 17.9.34723.18
MinimumVisualStudioVersion = 10.0.40219.1
Project("{FAE04EC0-301F-11D3-BF4B-00C04F79EFBC}") = "HotelReservation", "HotelReservation.csproj", "{7B455CC7-B2CC-4535-9F2D-506C833C9D66}"
EndProject
Global
	GlobalSection(SolutionConfigurationPlatforms) = preSolution
		Debug|Any CPU = Debug|Any CPU
		Release|Any CPU = Release|Any CPU
	EndGlobalSection
	GlobalSection(ProjectConfigurationPlatforms) = postSolution
		{7B455CC7-B2CC-4535-9F2D-506C833C9D66}.Debug|Any CPU.ActiveCfg = Debug|Any CPU
		{7B455CC7-B2CC-4535-9F2D-506C833C9D66}.Debug|Any CPU.Build.0 = Debug|Any CPU
		{7B455CC7-B2CC-4535-9F2D-506C833C9D66}.Release|Any CPU.ActiveCfg = Release|Any CPU
		{7B455CC7-B2CC-4535-9F2D-506C833C9D66}.Release|Any CPU.Build.0 = Release|Any CPU
	EndGlobalSection
	GlobalSection(SolutionProperties) = preSolution
		HideSolutionNode = FALSE
	EndGlobalSection
	GlobalSection(ExtensibilityGlobals) = postSolution
		SolutionGuid = {BB7DB9F5-B036-426C-A31D-B9CF9EA70EA7}
	EndGlobalSection
EndGlobal
